
Microsoft Visual Studio Solution File, Format Version 12.00
# Visual Studio Version 17
VisualStudioVersion = 17.10.35013.160
MinimumVisualStudioVersion = 10.0.40219.1
Project("{FAE04EC0-301F-11D3-BF4B-00C04F79EFBC}") = "ConfigFileCompiler", "ConfigFileCompiler.csproj", "{01283679-4F82-48A6-A81C-D069EA265A34}"
EndProject
Project("{2150E333-8FDC-42A3-9474-1A3956D46DE8}") = "Solution Items", "Solution Items", "{B6127B39-C506-4DAE-B494-5506292BCDFF}"
	ProjectSection(SolutionItems) = preProject
		Startup.cs = Startup.cs
	EndProjectSection
EndProject
Global
	GlobalSection(SolutionConfigurationPlatforms) = preSolution
		Debug|Any CPU = Debug|Any CPU
		Release|Any CPU = Release|Any CPU
	EndGlobalSection
	GlobalSection(ProjectConfigurationPlatforms) = postSolution
		{01283679-4F82-48A6-A81C-D069EA265A34}.Debug|Any CPU.ActiveCfg = Debug|Any CPU
		{01283679-4F82-48A6-A81C-D069EA265A34}.Debug|Any CPU.Build.0 = Debug|Any CPU
		{01283679-4F82-48A6-A81C-D069EA265A34}.Release|Any CPU.ActiveCfg = Release|Any CPU
		{01283679-4F82-48A6-A81C-D069EA265A34}.Release|Any CPU.Build.0 = Release|Any CPU
	EndGlobalSection
	GlobalSection(SolutionProperties) = preSolution
		HideSolutionNode = FALSE
	EndGlobalSection
	GlobalSection(ExtensibilityGlobals) = postSolution
		SolutionGuid = {461E37F0-F602-4EB3-B503-88A0778044EC}
	EndGlobalSection
EndGlobal
